// !$*UTF8*$!
{
	archiveVersion = 1;
	classes = {
	};
	objectVersion = 46;
	objects = {

/* Begin PBXBuildFile section */
		452B93A11F72485100708651 /* AppDelegate.swift in Sources */ = {isa = PBXBuildFile; fileRef = 452B93A01F72485100708651 /* AppDelegate.swift */; };
		452B93A81F72485100708651 /* Assets.xcassets in Resources */ = {isa = PBXBuildFile; fileRef = 452B93A71F72485100708651 /* Assets.xcassets */; };
		452B93AB1F72485100708651 /* LaunchScreen.storyboard in Resources */ = {isa = PBXBuildFile; fileRef = 452B93A91F72485100708651 /* LaunchScreen.storyboard */; };
		452B93B61F72485100708651 /* TestAppTests.swift in Sources */ = {isa = PBXBuildFile; fileRef = 452B93B51F72485100708651 /* TestAppTests.swift */; };
		452B93C11F72485100708651 /* TestAppUITests.swift in Sources */ = {isa = PBXBuildFile; fileRef = 452B93C01F72485100708651 /* TestAppUITests.swift */; };
		452B93DA1F725E4500708651 /* ViewController.swift in Sources */ = {isa = PBXBuildFile; fileRef = 452B93D81F725E4500708651 /* ViewController.swift */; };
		452B93DB1F725E4500708651 /* ViewController.xib in Resources */ = {isa = PBXBuildFile; fileRef = 452B93D91F725E4500708651 /* ViewController.xib */; };
		452B93DE1F72678900708651 /* CustomCollectionViewCell.swift in Sources */ = {isa = PBXBuildFile; fileRef = 452B93DC1F72678900708651 /* CustomCollectionViewCell.swift */; };
		452B93DF1F72678900708651 /* CustomCollectionViewCell.xib in Resources */ = {isa = PBXBuildFile; fileRef = 452B93DD1F72678900708651 /* CustomCollectionViewCell.xib */; };
		452CF6701F729CCC003A8033 /* randomGenerator.html in Resources */ = {isa = PBXBuildFile; fileRef = 452CF66F1F729CCC003A8033 /* randomGenerator.html */; };
		45832E1C1F7E284B00D9A09D /* TouchIDViewController.swift in Sources */ = {isa = PBXBuildFile; fileRef = 45832E1A1F7E284B00D9A09D /* TouchIDViewController.swift */; };
		45832E1D1F7E284B00D9A09D /* TouchIDViewController.xib in Resources */ = {isa = PBXBuildFile; fileRef = 45832E1B1F7E284B00D9A09D /* TouchIDViewController.xib */; };
/* End PBXBuildFile section */

/* Begin PBXContainerItemProxy section */
		452B93B21F72485100708651 /* PBXContainerItemProxy */ = {
			isa = PBXContainerItemProxy;
			containerPortal = 452B93951F72485100708651 /* Project object */;
			proxyType = 1;
			remoteGlobalIDString = 452B939C1F72485100708651;
			remoteInfo = TestApp;
		};
		452B93BD1F72485100708651 /* PBXContainerItemProxy */ = {
			isa = PBXContainerItemProxy;
			containerPortal = 452B93951F72485100708651 /* Project object */;
			proxyType = 1;
			remoteGlobalIDString = 452B939C1F72485100708651;
			remoteInfo = TestApp;
		};
/* End PBXContainerItemProxy section */

/* Begin PBXFileReference section */
		452B939D1F72485100708651 /* TestApp.app */ = {isa = PBXFileReference; explicitFileType = wrapper.application; includeInIndex = 0; path = TestApp.app; sourceTree = BUILT_PRODUCTS_DIR; };
		452B93A01F72485100708651 /* AppDelegate.swift */ = {isa = PBXFileReference; lastKnownFileType = sourcecode.swift; path = AppDelegate.swift; sourceTree = "<group>"; };
		452B93A71F72485100708651 /* Assets.xcassets */ = {isa = PBXFileReference; lastKnownFileType = folder.assetcatalog; path = Assets.xcassets; sourceTree = "<group>"; };
		452B93AA1F72485100708651 /* Base */ = {isa = PBXFileReference; lastKnownFileType = file.storyboard; name = Base; path = Base.lproj/LaunchScreen.storyboard; sourceTree = "<group>"; };
		452B93AC1F72485100708651 /* Info.plist */ = {isa = PBXFileReference; lastKnownFileType = text.plist.xml; path = Info.plist; sourceTree = "<group>"; };
		452B93B11F72485100708651 /* TestAppTests.xctest */ = {isa = PBXFileReference; explicitFileType = wrapper.cfbundle; includeInIndex = 0; path = TestAppTests.xctest; sourceTree = BUILT_PRODUCTS_DIR; };
		452B93B51F72485100708651 /* TestAppTests.swift */ = {isa = PBXFileReference; lastKnownFileType = sourcecode.swift; path = TestAppTests.swift; sourceTree = "<group>"; };
		452B93B71F72485100708651 /* Info.plist */ = {isa = PBXFileReference; lastKnownFileType = text.plist.xml; path = Info.plist; sourceTree = "<group>"; };
		452B93BC1F72485100708651 /* TestAppUITests.xctest */ = {isa = PBXFileReference; explicitFileType = wrapper.cfbundle; includeInIndex = 0; path = TestAppUITests.xctest; sourceTree = BUILT_PRODUCTS_DIR; };
		452B93C01F72485100708651 /* TestAppUITests.swift */ = {isa = PBXFileReference; lastKnownFileType = sourcecode.swift; path = TestAppUITests.swift; sourceTree = "<group>"; };
		452B93C21F72485100708651 /* Info.plist */ = {isa = PBXFileReference; lastKnownFileType = text.plist.xml; path = Info.plist; sourceTree = "<group>"; };
		452B93D81F725E4500708651 /* ViewController.swift */ = {isa = PBXFileReference; fileEncoding = 4; lastKnownFileType = sourcecode.swift; path = ViewController.swift; sourceTree = "<group>"; };
		452B93D91F725E4500708651 /* ViewController.xib */ = {isa = PBXFileReference; fileEncoding = 4; lastKnownFileType = file.xib; path = ViewController.xib; sourceTree = "<group>"; };
		452B93DC1F72678900708651 /* CustomCollectionViewCell.swift */ = {isa = PBXFileReference; fileEncoding = 4; lastKnownFileType = sourcecode.swift; path = CustomCollectionViewCell.swift; sourceTree = "<group>"; };
		452B93DD1F72678900708651 /* CustomCollectionViewCell.xib */ = {isa = PBXFileReference; fileEncoding = 4; lastKnownFileType = file.xib; path = CustomCollectionViewCell.xib; sourceTree = "<group>"; };
		452CF66F1F729CCC003A8033 /* randomGenerator.html */ = {isa = PBXFileReference; fileEncoding = 4; lastKnownFileType = text.html; path = randomGenerator.html; sourceTree = "<group>"; };
		45832E1A1F7E284B00D9A09D /* TouchIDViewController.swift */ = {isa = PBXFileReference; lastKnownFileType = sourcecode.swift; path = TouchIDViewController.swift; sourceTree = "<group>"; };
		45832E1B1F7E284B00D9A09D /* TouchIDViewController.xib */ = {isa = PBXFileReference; lastKnownFileType = file.xib; path = TouchIDViewController.xib; sourceTree = "<group>"; };
/* End PBXFileReference section */

/* Begin PBXFrameworksBuildPhase section */
		452B939A1F72485100708651 /* Frameworks */ = {
			isa = PBXFrameworksBuildPhase;
			buildActionMask = 2147483647;
			files = (
			);
			runOnlyForDeploymentPostprocessing = 0;
		};
		452B93AE1F72485100708651 /* Frameworks */ = {
			isa = PBXFrameworksBuildPhase;
			buildActionMask = 2147483647;
			files = (
			);
			runOnlyForDeploymentPostprocessing = 0;
		};
		452B93B91F72485100708651 /* Frameworks */ = {
			isa = PBXFrameworksBuildPhase;
			buildActionMask = 2147483647;
			files = (
			);
			runOnlyForDeploymentPostprocessing = 0;
		};
/* End PBXFrameworksBuildPhase section */

/* Begin PBXGroup section */
		452B93941F72485100708651 = {
			isa = PBXGroup;
			children = (
				452B939F1F72485100708651 /* TestApp */,
				452B93B41F72485100708651 /* TestAppTests */,
				452B93BF1F72485100708651 /* TestAppUITests */,
				452B939E1F72485100708651 /* Products */,
			);
			sourceTree = "<group>";
		};
		452B939E1F72485100708651 /* Products */ = {
			isa = PBXGroup;
			children = (
				452B939D1F72485100708651 /* TestApp.app */,
				452B93B11F72485100708651 /* TestAppTests.xctest */,
				452B93BC1F72485100708651 /* TestAppUITests.xctest */,
			);
			name = Products;
			sourceTree = "<group>";
		};
		452B939F1F72485100708651 /* TestApp */ = {
			isa = PBXGroup;
			children = (
				452B93A01F72485100708651 /* AppDelegate.swift */,
				452B93A71F72485100708651 /* Assets.xcassets */,
				452B93A91F72485100708651 /* LaunchScreen.storyboard */,
				452B93AC1F72485100708651 /* Info.plist */,
				452B93D81F725E4500708651 /* ViewController.swift */,
				452B93D91F725E4500708651 /* ViewController.xib */,
				452B93DC1F72678900708651 /* CustomCollectionViewCell.swift */,
				452B93DD1F72678900708651 /* CustomCollectionViewCell.xib */,
				452CF66F1F729CCC003A8033 /* randomGenerator.html */,
				45832E1A1F7E284B00D9A09D /* TouchIDViewController.swift */,
				45832E1B1F7E284B00D9A09D /* TouchIDViewController.xib */,
			);
			path = TestApp;
			sourceTree = "<group>";
		};
		452B93B41F72485100708651 /* TestAppTests */ = {
			isa = PBXGroup;
			children = (
				452B93B51F72485100708651 /* TestAppTests.swift */,
				452B93B71F72485100708651 /* Info.plist */,
			);
			path = TestAppTests;
			sourceTree = "<group>";
		};
		452B93BF1F72485100708651 /* TestAppUITests */ = {
			isa = PBXGroup;
			children = (
				452B93C01F72485100708651 /* TestAppUITests.swift */,
				452B93C21F72485100708651 /* Info.plist */,
			);
			path = TestAppUITests;
			sourceTree = "<group>";
		};
/* End PBXGroup section */

/* Begin PBXNativeTarget section */
		452B939C1F72485100708651 /* TestApp */ = {
			isa = PBXNativeTarget;
			buildConfigurationList = 452B93C51F72485100708651 /* Build configuration list for PBXNativeTarget "TestApp" */;
			buildPhases = (
				452B93991F72485100708651 /* Sources */,
				452B939A1F72485100708651 /* Frameworks */,
				452B939B1F72485100708651 /* Resources */,
			);
			buildRules = (
			);
			dependencies = (
			);
			name = TestApp;
			productName = TestApp;
			productReference = 452B939D1F72485100708651 /* TestApp.app */;
			productType = "com.apple.product-type.application";
		};
		452B93B01F72485100708651 /* TestAppTests */ = {
			isa = PBXNativeTarget;
			buildConfigurationList = 452B93C81F72485100708651 /* Build configuration list for PBXNativeTarget "TestAppTests" */;
			buildPhases = (
				452B93AD1F72485100708651 /* Sources */,
				452B93AE1F72485100708651 /* Frameworks */,
				452B93AF1F72485100708651 /* Resources */,
			);
			buildRules = (
			);
			dependencies = (
				452B93B31F72485100708651 /* PBXTargetDependency */,
			);
			name = TestAppTests;
			productName = TestAppTests;
			productReference = 452B93B11F72485100708651 /* TestAppTests.xctest */;
			productType = "com.apple.product-type.bundle.unit-test";
		};
		452B93BB1F72485100708651 /* TestAppUITests */ = {
			isa = PBXNativeTarget;
			buildConfigurationList = 452B93CB1F72485100708651 /* Build configuration list for PBXNativeTarget "TestAppUITests" */;
			buildPhases = (
				452B93B81F72485100708651 /* Sources */,
				452B93B91F72485100708651 /* Frameworks */,
				452B93BA1F72485100708651 /* Resources */,
			);
			buildRules = (
			);
			dependencies = (
				452B93BE1F72485100708651 /* PBXTargetDependency */,
			);
			name = TestAppUITests;
			productName = TestAppUITests;
			productReference = 452B93BC1F72485100708651 /* TestAppUITests.xctest */;
			productType = "com.apple.product-type.bundle.ui-testing";
		};
/* End PBXNativeTarget section */

/* Begin PBXProject section */
		452B93951F72485100708651 /* Project object */ = {
			isa = PBXProject;
			attributes = {
				LastSwiftUpdateCheck = 0830;
				LastUpgradeCheck = 0830;
				ORGANIZATIONNAME = YeKyawPaing;
				TargetAttributes = {
					452B939C1F72485100708651 = {
						CreatedOnToolsVersion = 8.3.3;
						DevelopmentTeam = 9DS29C9J7A;
						ProvisioningStyle = Automatic;
					};
					452B93B01F72485100708651 = {
						CreatedOnToolsVersion = 8.3.3;
						ProvisioningStyle = Automatic;
						TestTargetID = 452B939C1F72485100708651;
					};
					452B93BB1F72485100708651 = {
						CreatedOnToolsVersion = 8.3.3;
						ProvisioningStyle = Automatic;
						TestTargetID = 452B939C1F72485100708651;
					};
				};
			};
			buildConfigurationList = 452B93981F72485100708651 /* Build configuration list for PBXProject "TestApp" */;
			compatibilityVersion = "Xcode 3.2";
			developmentRegion = English;
			hasScannedForEncodings = 0;
			knownRegions = (
				en,
				Base,
			);
			mainGroup = 452B93941F72485100708651;
			productRefGroup = 452B939E1F72485100708651 /* Products */;
			projectDirPath = "";
			projectRoot = "";
			targets = (
				452B939C1F72485100708651 /* TestApp */,
				452B93B01F72485100708651 /* TestAppTests */,
				452B93BB1F72485100708651 /* TestAppUITests */,
			);
		};
/* End PBXProject section */

/* Begin PBXResourcesBuildPhase section */
		452B939B1F72485100708651 /* Resources */ = {
			isa = PBXResourcesBuildPhase;
			buildActionMask = 2147483647;
			files = (
				452B93AB1F72485100708651 /* LaunchScreen.storyboard in Resources */,
				452B93DB1F725E4500708651 /* ViewController.xib in Resources */,
				452B93DF1F72678900708651 /* CustomCollectionViewCell.xib in Resources */,
				45832E1D1F7E284B00D9A09D /* TouchIDViewController.xib in Resources */,
				452CF6701F729CCC003A8033 /* randomGenerator.html in Resources */,
				452B93A81F72485100708651 /* Assets.xcassets in Resources */,
			);
			runOnlyForDeploymentPostprocessing = 0;
		};
		452B93AF1F72485100708651 /* Resources */ = {
			isa = PBXResourcesBuildPhase;
			buildActionMask = 2147483647;
			files = (
			);
			runOnlyForDeploymentPostprocessing = 0;
		};
		452B93BA1F72485100708651 /* Resources */ = {
			isa = PBXResourcesBuildPhase;
			buildActionMask = 2147483647;
			files = (
			);
			runOnlyForDeploymentPostprocessing = 0;
		};
/* End PBXResourcesBuildPhase section */

/* Begin PBXSourcesBuildPhase section */
		452B93991F72485100708651 /* Sources */ = {
			isa = PBXSourcesBuildPhase;
			buildActionMask = 2147483647;
			files = (
				452B93DA1F725E4500708651 /* ViewController.swift in Sources */,
				45832E1C1F7E284B00D9A09D /* TouchIDViewController.swift in Sources */,
				452B93A11F72485100708651 /* AppDelegate.swift in Sources */,
				452B93DE1F72678900708651 /* CustomCollectionViewCell.swift in Sources */,
			);
			runOnlyForDeploymentPostprocessing = 0;
		};
		452B93AD1F72485100708651 /* Sources */ = {
			isa = PBXSourcesBuildPhase;
			buildActionMask = 2147483647;
			files = (
				452B93B61F72485100708651 /* TestAppTests.swift in Sources */,
			);
			runOnlyForDeploymentPostprocessing = 0;
		};
		452B93B81F72485100708651 /* Sources */ = {
			isa = PBXSourcesBuildPhase;
			buildActionMask = 2147483647;
			files = (
				452B93C11F72485100708651 /* TestAppUITests.swift in Sources */,
			);
			runOnlyForDeploymentPostprocessing = 0;
		};
/* End PBXSourcesBuildPhase section */

/* Begin PBXTargetDependency section */
		452B93B31F72485100708651 /* PBXTargetDependency */ = {
			isa = PBXTargetDependency;
			target = 452B939C1F72485100708651 /* TestApp */;
			targetProxy = 452B93B21F72485100708651 /* PBXContainerItemProxy */;
		};
		452B93BE1F72485100708651 /* PBXTargetDependency */ = {
			isa = PBXTargetDependency;
			target = 452B939C1F72485100708651 /* TestApp */;
			targetProxy = 452B93BD1F72485100708651 /* PBXContainerItemProxy */;
		};
/* End PBXTargetDependency section */

/* Begin PBXVariantGroup section */
		452B93A91F72485100708651 /* LaunchScreen.storyboard */ = {
			isa = PBXVariantGroup;
			children = (
				452B93AA1F72485100708651 /* Base */,
			);
			name = LaunchScreen.storyboard;
			sourceTree = "<group>";
		};
/* End PBXVariantGroup section */

/* Begin XCBuildConfiguration section */
		452B93C31F72485100708651 /* Debug */ = {
			isa = XCBuildConfiguration;
			buildSettings = {
				ALWAYS_SEARCH_USER_PATHS = NO;
				CLANG_ANALYZER_NONNULL = YES;
				CLANG_ANALYZER_NUMBER_OBJECT_CONVERSION = YES_AGGRESSIVE;
				CLANG_CXX_LANGUAGE_STANDARD = "gnu++0x";
				CLANG_CXX_LIBRARY = "libc++";
				CLANG_ENABLE_MODULES = YES;
				CLANG_ENABLE_OBJC_ARC = YES;
				CLANG_WARN_BOOL_CONVERSION = YES;
				CLANG_WARN_CONSTANT_CONVERSION = YES;
				CLANG_WARN_DIRECT_OBJC_ISA_USAGE = YES_ERROR;
				CLANG_WARN_DOCUMENTATION_COMMENTS = YES;
				CLANG_WARN_EMPTY_BODY = YES;
				CLANG_WARN_ENUM_CONVERSION = YES;
				CLANG_WARN_INFINITE_RECURSION = YES;
				CLANG_WARN_INT_CONVERSION = YES;
				CLANG_WARN_OBJC_ROOT_CLASS = YES_ERROR;
				CLANG_WARN_SUSPICIOUS_MOVE = YES;
				CLANG_WARN_UNREACHABLE_CODE = YES;
				CLANG_WARN__DUPLICATE_METHOD_MATCH = YES;
				"CODE_SIGN_IDENTITY[sdk=iphoneos*]" = "iPhone Developer";
				COPY_PHASE_STRIP = NO;
				DEBUG_INFORMATION_FORMAT = dwarf;
				ENABLE_STRICT_OBJC_MSGSEND = YES;
				ENABLE_TESTABILITY = YES;
				GCC_C_LANGUAGE_STANDARD = gnu99;
				GCC_DYNAMIC_NO_PIC = NO;
				GCC_NO_COMMON_BLOCKS = YES;
				GCC_OPTIMIZATION_LEVEL = 0;
				GCC_PREPROCESSOR_DEFINITIONS = (
					"DEBUG=1",
					"$(inherited)",
				);
				GCC_WARN_64_TO_32_BIT_CONVERSION = YES;
				GCC_WARN_ABOUT_RETURN_TYPE = YES_ERROR;
				GCC_WARN_UNDECLARED_SELECTOR = YES;
				GCC_WARN_UNINITIALIZED_AUTOS = YES_AGGRESSIVE;
				GCC_WARN_UNUSED_FUNCTION = YES;
				GCC_WARN_UNUSED_VARIABLE = YES;
				IPHONEOS_DEPLOYMENT_TARGET = 10.3;
				MTL_ENABLE_DEBUG_INFO = YES;
				ONLY_ACTIVE_ARCH = YES;
				SDKROOT = iphoneos;
				SWIFT_ACTIVE_COMPILATION_CONDITIONS = DEBUG;
				SWIFT_OPTIMIZATION_LEVEL = "-Onone";
			};
			name = Debug;
		};
		452B93C41F72485100708651 /* Release */ = {
			isa = XCBuildConfiguration;
			buildSettings = {
				ALWAYS_SEARCH_USER_PATHS = NO;
				CLANG_ANALYZER_NONNULL = YES;
				CLANG_ANALYZER_NUMBER_OBJECT_CONVERSION = YES_AGGRESSIVE;
				CLANG_CXX_LANGUAGE_STANDARD = "gnu++0x";
				CLANG_CXX_LIBRARY = "libc++";
				CLANG_ENABLE_MODULES = YES;
				CLANG_ENABLE_OBJC_ARC = YES;
				CLANG_WARN_BOOL_CONVERSION = YES;
				CLANG_WARN_CONSTANT_CONVERSION = YES;
				CLANG_WARN_DIRECT_OBJC_ISA_USAGE = YES_ERROR;
				CLANG_WARN_DOCUMENTATION_COMMENTS = YES;
				CLANG_WARN_EMPTY_BODY = YES;
				CLANG_WARN_ENUM_CONVERSION = YES;
				CLANG_WARN_INFINITE_RECURSION = YES;
				CLANG_WARN_INT_CONVERSION = YES;
				CLANG_WARN_OBJC_ROOT_CLASS = YES_ERROR;
				CLANG_WARN_SUSPICIOUS_MOVE = YES;
				CLANG_WARN_UNREACHABLE_CODE = YES;
				CLANG_WARN__DUPLICATE_METHOD_MATCH = YES;
				"CODE_SIGN_IDENTITY[sdk=iphoneos*]" = "iPhone Developer";
				COPY_PHASE_STRIP = NO;
				DEBUG_INFORMATION_FORMAT = "dwarf-with-dsym";
				ENABLE_NS_ASSERTIONS = NO;
				ENABLE_STRICT_OBJC_MSGSEND = YES;
				GCC_C_LANGUAGE_STANDARD = gnu99;
				GCC_NO_COMMON_BLOCKS = YES;
				GCC_WARN_64_TO_32_BIT_CONVERSION = YES;
				GCC_WARN_ABOUT_RETURN_TYPE = YES_ERROR;
				GCC_WARN_UNDECLARED_SELECTOR = YES;
				GCC_WARN_UNINITIALIZED_AUTOS = YES_AGGRESSIVE;
				GCC_WARN_UNUSED_FUNCTION = YES;
				GCC_WARN_UNUSED_VARIABLE = YES;
				IPHONEOS_DEPLOYMENT_TARGET = 10.3;
				MTL_ENABLE_DEBUG_INFO = NO;
				SDKROOT = iphoneos;
				SWIFT_OPTIMIZATION_LEVEL = "-Owholemodule";
				VALIDATE_PRODUCT = YES;
			};
			name = Release;
		};
		452B93C61F72485100708651 /* Debug */ = {
			isa = XCBuildConfiguration;
			buildSettings = {
				ASSETCATALOG_COMPILER_APPICON_NAME = AppIcon;
				DEVELOPMENT_TEAM = 9DS29C9J7A;
				INFOPLIST_FILE = TestApp/Info.plist;
				LD_RUNPATH_SEARCH_PATHS = "$(inherited) @executable_path/Frameworks";
				PRODUCT_BUNDLE_IDENTIFIER = sg.edu.nus.iss.wlad.TestApp;
				PRODUCT_NAME = "$(TARGET_NAME)";
				SWIFT_VERSION = 3.0;
			};
			name = Debug;
		};
		452B93C71F72485100708651 /* Release */ = {
			isa = XCBuildConfiguration;
			buildSettings = {
				ASSETCATALOG_COMPILER_APPICON_NAME = AppIcon;
				DEVELOPMENT_TEAM = 9DS29C9J7A;
				INFOPLIST_FILE = TestApp/Info.plist;
				LD_RUNPATH_SEARCH_PATHS = "$(inherited) @executable_path/Frameworks";
				PRODUCT_BUNDLE_IDENTIFIER = sg.edu.nus.iss.wlad.TestApp;
				PRODUCT_NAME = "$(TARGET_NAME)";
				SWIFT_VERSION = 3.0;
			};
			name = Release;
		};
		452B93C91F72485100708651 /* Debug */ = {
			isa = XCBuildConfiguration;
			buildSettings = {
				ALWAYS_EMBED_SWIFT_STANDARD_LIBRARIES = YES;
				BUNDLE_LOADER = "$(TEST_HOST)";
				INFOPLIST_FILE = TestAppTests/Info.plist;
				LD_RUNPATH_SEARCH_PATHS = "$(inherited) @executable_path/Frameworks @loader_path/Frameworks";
				PRODUCT_BUNDLE_IDENTIFIER = sg.edu.nus.iss.wlad.TestAppTests;
				PRODUCT_NAME = "$(TARGET_NAME)";
				SWIFT_VERSION = 3.0;
				TEST_HOST = "$(BUILT_PRODUCTS_DIR)/TestApp.app/TestApp";
			};
			name = Debug;
		};
		452B93CA1F72485100708651 /* Release */ = {
			isa = XCBuildConfiguration;
			buildSettings = {
				ALWAYS_EMBED_SWIFT_STANDARD_LIBRARIES = YES;
				BUNDLE_LOADER = "$(TEST_HOST)";
				INFOPLIST_FILE = TestAppTests/Info.plist;
				LD_RUNPATH_SEARCH_PATHS = "$(inherited) @executable_path/Frameworks @loader_path/Frameworks";
				PRODUCT_BUNDLE_IDENTIFIER = sg.edu.nus.iss.wlad.TestAppTests;
				PRODUCT_NAME = "$(TARGET_NAME)";
				SWIFT_VERSION = 3.0;
				TEST_HOST = "$(BUILT_PRODUCTS_DIR)/TestApp.app/TestApp";
			};
			name = Release;
		};
		452B93CC1F72485100708651 /* Debug */ = {
			isa = XCBuildConfiguration;
			buildSettings = {
				ALWAYS_EMBED_SWIFT_STANDARD_LIBRARIES = YES;
				INFOPLIST_FILE = TestAppUITests/Info.plist;
				LD_RUNPATH_SEARCH_PATHS = "$(inherited) @executable_path/Frameworks @loader_path/Frameworks";
				PRODUCT_BUNDLE_IDENTIFIER = sg.edu.nus.iss.wlad.TestAppUITests;
				PRODUCT_NAME = "$(TARGET_NAME)";
				SWIFT_VERSION = 3.0;
				TEST_TARGET_NAME = TestApp;
			};
			name = Debug;
		};
		452B93CD1F72485100708651 /* Release */ = {
			isa = XCBuildConfiguration;
			buildSettings = {
				ALWAYS_EMBED_SWIFT_STANDARD_LIBRARIES = YES;
				INFOPLIST_FILE = TestAppUITests/Info.plist;
				LD_RUNPATH_SEARCH_PATHS = "$(inherited) @executable_path/Frameworks @loader_path/Frameworks";
				PRODUCT_BUNDLE_IDENTIFIER = sg.edu.nus.iss.wlad.TestAppUITests;
				PRODUCT_NAME = "$(TARGET_NAME)";
				SWIFT_VERSION = 3.0;
				TEST_TARGET_NAME = TestApp;
			};
			name = Release;
		};
/* End XCBuildConfiguration section */

/* Begin XCConfigurationList section */
		452B93981F72485100708651 /* Build configuration list for PBXProject "TestApp" */ = {
			isa = XCConfigurationList;
			buildConfigurations = (
				452B93C31F72485100708651 /* Debug */,
				452B93C41F72485100708651 /* Release */,
			);
			defaultConfigurationIsVisible = 0;
			defaultConfigurationName = Release;
		};
		452B93C51F72485100708651 /* Build configuration list for PBXNativeTarget "TestApp" */ = {
			isa = XCConfigurationList;
			buildConfigurations = (
				452B93C61F72485100708651 /* Debug */,
				452B93C71F72485100708651 /* Release */,
			);
			defaultConfigurationIsVisible = 0;
			defaultConfigurationName = Release;
		};
		452B93C81F72485100708651 /* Build configuration list for PBXNativeTarget "TestAppTests" */ = {
			isa = XCConfigurationList;
			buildConfigurations = (
				452B93C91F72485100708651 /* Debug */,
				452B93CA1F72485100708651 /* Release */,
			);
			defaultConfigurationIsVisible = 0;
			defaultConfigurationName = Release;
		};
		452B93CB1F72485100708651 /* Build configuration list for PBXNativeTarget "TestAppUITests" */ = {
			isa = XCConfigurationList;
			buildConfigurations = (
				452B93CC1F72485100708651 /* Debug */,
				452B93CD1F72485100708651 /* Release */,
			);
			defaultConfigurationIsVisible = 0;
			defaultConfigurationName = Release;
		};
/* End XCConfigurationList section */
	};
	rootObject = 452B93951F72485100708651 /* Project object */;
}
